
Microsoft Visual Studio Solution File, Format Version 12.00
# Visual Studio Version 16
VisualStudioVersion = 16.0.29920.165
MinimumVisualStudioVersion = 10.0.40219.1
Project("{FAE04EC0-301F-11D3-BF4B-00C04F79EFBC}") = "Kmeans_Iris", "Kmeans_Iris\Kmeans_Iris.csproj", "{5891A3F8-EEF9-42F7-A068-944CBAC9D22A}"
EndProject
Global
	GlobalSection(SolutionConfigurationPlatforms) = preSolution
		Debug|Any CPU = Debug|Any CPU
		Release|Any CPU = Release|Any CPU
	EndGlobalSection
	GlobalSection(ProjectConfigurationPlatforms) = postSolution
		{5891A3F8-EEF9-42F7-A068-944CBAC9D22A}.Debug|Any CPU.ActiveCfg = Debug|Any CPU
		{5891A3F8-EEF9-42F7-A068-944CBAC9D22A}.Debug|Any CPU.Build.0 = Debug|Any CPU
		{5891A3F8-EEF9-42F7-A068-944CBAC9D22A}.Release|Any CPU.ActiveCfg = Release|Any CPU
		{5891A3F8-EEF9-42F7-A068-944CBAC9D22A}.Release|Any CPU.Build.0 = Release|Any CPU
	EndGlobalSection
	GlobalSection(SolutionProperties) = preSolution
		HideSolutionNode = FALSE
	EndGlobalSection
	GlobalSection(ExtensibilityGlobals) = postSolution
		SolutionGuid = {B0CE92F2-FC99-49C0-B2E8-877FB29D9BA8}
	EndGlobalSection
EndGlobal
