
Microsoft Visual Studio Solution File, Format Version 12.00
# Visual Studio Version 16
VisualStudioVersion = 16.0.30011.22
MinimumVisualStudioVersion = 10.0.40219.1
Project("{FAE04EC0-301F-11D3-BF4B-00C04F79EFBC}") = "OperacionesBasicas", "OperacionesBasicas\OperacionesBasicas.csproj", "{3A298C1B-55E9-4960-A8A0-731FF49E84AA}"
EndProject
Global
	GlobalSection(SolutionConfigurationPlatforms) = preSolution
		Debug|Any CPU = Debug|Any CPU
		Release|Any CPU = Release|Any CPU
	EndGlobalSection
	GlobalSection(ProjectConfigurationPlatforms) = postSolution
		{3A298C1B-55E9-4960-A8A0-731FF49E84AA}.Debug|Any CPU.ActiveCfg = Debug|Any CPU
		{3A298C1B-55E9-4960-A8A0-731FF49E84AA}.Debug|Any CPU.Build.0 = Debug|Any CPU
		{3A298C1B-55E9-4960-A8A0-731FF49E84AA}.Release|Any CPU.ActiveCfg = Release|Any CPU
		{3A298C1B-55E9-4960-A8A0-731FF49E84AA}.Release|Any CPU.Build.0 = Release|Any CPU
	EndGlobalSection
	GlobalSection(SolutionProperties) = preSolution
		HideSolutionNode = FALSE
	EndGlobalSection
	GlobalSection(ExtensibilityGlobals) = postSolution
		SolutionGuid = {7C19304F-8A31-4669-84E2-1837D47C1972}
	EndGlobalSection
EndGlobal
